
Microsoft Visual Studio Solution File, Format Version 12.00
# Visual Studio Version 16
VisualStudioVersion = 16.0.31613.86
MinimumVisualStudioVersion = 10.0.40219.1
Project("{FAE04EC0-301F-11D3-BF4B-00C04F79EFBC}") = "EjercicioJavascript", "EjercicioJavascript\EjercicioJavascript.csproj", "{6B71D4B3-2CD7-4DFD-BBF7-DAEA2BEDC3DA}"
EndProject
Global
	GlobalSection(SolutionConfigurationPlatforms) = preSolution
		Debug|Any CPU = Debug|Any CPU
		Release|Any CPU = Release|Any CPU
	EndGlobalSection
	GlobalSection(ProjectConfigurationPlatforms) = postSolution
		{6B71D4B3-2CD7-4DFD-BBF7-DAEA2BEDC3DA}.Debug|Any CPU.ActiveCfg = Debug|Any CPU
		{6B71D4B3-2CD7-4DFD-BBF7-DAEA2BEDC3DA}.Debug|Any CPU.Build.0 = Debug|Any CPU
		{6B71D4B3-2CD7-4DFD-BBF7-DAEA2BEDC3DA}.Release|Any CPU.ActiveCfg = Release|Any CPU
		{6B71D4B3-2CD7-4DFD-BBF7-DAEA2BEDC3DA}.Release|Any CPU.Build.0 = Release|Any CPU
	EndGlobalSection
	GlobalSection(SolutionProperties) = preSolution
		HideSolutionNode = FALSE
	EndGlobalSection
	GlobalSection(ExtensibilityGlobals) = postSolution
		SolutionGuid = {C01C9F44-46A0-4180-9EEE-6867BCB171E7}
	EndGlobalSection
EndGlobal
